// !$*UTF8*$!
{
	archiveVersion = 1;
	classes = {
	};
	objectVersion = 56;
	objects = {

/* Begin PBXBuildFile section */
		ED16E7712B44C8FC00F1A9BC /* SmoothAnimation.swift in Sources */ = {isa = PBXBuildFile; fileRef = ED16E7702B44C8FC00F1A9BC /* SmoothAnimation.swift */; };
		ED246DDF2B39D49A008ECD6D /* Segment7Standard.otf in Resources */ = {isa = PBXBuildFile; fileRef = ED246DDE2B39D48A008ECD6D /* Segment7Standard.otf */; };
		ED2486892B3727AE008820C5 /* Impedance_ConverterApp.swift in Sources */ = {isa = PBXBuildFile; fileRef = ED2486882B3727AE008820C5 /* Impedance_ConverterApp.swift */; };
		ED24868B2B3727AE008820C5 /* ContentView.swift in Sources */ = {isa = PBXBuildFile; fileRef = ED24868A2B3727AE008820C5 /* ContentView.swift */; };
		ED24868D2B3727B0008820C5 /* Assets.xcassets in Resources */ = {isa = PBXBuildFile; fileRef = ED24868C2B3727B0008820C5 /* Assets.xcassets */; };
		ED2486902B3727B0008820C5 /* Preview Assets.xcassets in Resources */ = {isa = PBXBuildFile; fileRef = ED24868F2B3727B0008820C5 /* Preview Assets.xcassets */; };
		ED737AAA2B3F4B8100926575 /* Math.swift in Sources */ = {isa = PBXBuildFile; fileRef = ED737AA92B3F4B8100926575 /* Math.swift */; };
		ED737AAC2B3F4C6100926575 /* Colors.swift in Sources */ = {isa = PBXBuildFile; fileRef = ED737AAB2B3F4C6100926575 /* Colors.swift */; };
		ED737AAE2B3F562A00926575 /* ViewModel.swift in Sources */ = {isa = PBXBuildFile; fileRef = ED737AAD2B3F562A00926575 /* ViewModel.swift */; };
		ED737AB02B3F568200926575 /* SmithChartView.swift in Sources */ = {isa = PBXBuildFile; fileRef = ED737AAF2B3F568200926575 /* SmithChartView.swift */; };
		ED737AB22B3F570900926575 /* Units.swift in Sources */ = {isa = PBXBuildFile; fileRef = ED737AB12B3F570900926575 /* Units.swift */; };
		ED737AB42B3F578400926575 /* UnitInputView.swift in Sources */ = {isa = PBXBuildFile; fileRef = ED737AB32B3F578400926575 /* UnitInputView.swift */; };
		ED737AB62B3F57F400926575 /* CircuitView.swift in Sources */ = {isa = PBXBuildFile; fileRef = ED737AB52B3F57F400926575 /* CircuitView.swift */; };
		ED737AB82B3F589600926575 /* ParametersView.swift in Sources */ = {isa = PBXBuildFile; fileRef = ED737AB72B3F589600926575 /* ParametersView.swift */; };
		EDA1DB432B4B34C20072F83C /* MathTests.swift in Sources */ = {isa = PBXBuildFile; fileRef = EDA1DB422B4B34C20072F83C /* MathTests.swift */; };
		EDA1DB452B4B442E0072F83C /* ViewModelTests.swift in Sources */ = {isa = PBXBuildFile; fileRef = EDA1DB442B4B442E0072F83C /* ViewModelTests.swift */; };
		EDB2C5952B42FDDE009362F2 /* CharacterizationView.swift in Sources */ = {isa = PBXBuildFile; fileRef = EDB2C5942B42FDDE009362F2 /* CharacterizationView.swift */; };
		EDB2C5992B4376A6009362F2 /* Haptics.swift in Sources */ = {isa = PBXBuildFile; fileRef = EDB2C5982B4376A6009362F2 /* Haptics.swift */; };
		EDBBC7612B48ACC1004B844C /* ShakeDetectorView.swift in Sources */ = {isa = PBXBuildFile; fileRef = EDBBC7602B48ACC1004B844C /* ShakeDetectorView.swift */; };
		EDBBC7632B48FE76004B844C /* ImmittanceView.swift in Sources */ = {isa = PBXBuildFile; fileRef = EDBBC7622B48FE76004B844C /* ImmittanceView.swift */; };
		EDBBC7652B4A24B4004B844C /* Settings.bundle in Resources */ = {isa = PBXBuildFile; fileRef = EDBBC7642B4A24B3004B844C /* Settings.bundle */; };
		EDD36F182B443CB00032B9BC /* LengthView.swift in Sources */ = {isa = PBXBuildFile; fileRef = EDD36F172B443CB00032B9BC /* LengthView.swift */; };
/* End PBXBuildFile section */

/* Begin PBXContainerItemProxy section */
		EDA1DB3D2B4B25230072F83C /* PBXContainerItemProxy */ = {
			isa = PBXContainerItemProxy;
			containerPortal = ED24867D2B3727AE008820C5 /* Project object */;
			proxyType = 1;
			remoteGlobalIDString = ED2486842B3727AE008820C5;
			remoteInfo = "Impedance Converter";
		};
/* End PBXContainerItemProxy section */

/* Begin PBXFileReference section */
		ED16E7702B44C8FC00F1A9BC /* SmoothAnimation.swift */ = {isa = PBXFileReference; lastKnownFileType = sourcecode.swift; path = SmoothAnimation.swift; sourceTree = "<group>"; };
		ED246DDE2B39D48A008ECD6D /* Segment7Standard.otf */ = {isa = PBXFileReference; lastKnownFileType = file; path = Segment7Standard.otf; sourceTree = "<group>"; };
		ED2486852B3727AE008820C5 /* Impedance Converter.app */ = {isa = PBXFileReference; explicitFileType = wrapper.application; includeInIndex = 0; path = "Impedance Converter.app"; sourceTree = BUILT_PRODUCTS_DIR; };
		ED2486882B3727AE008820C5 /* Impedance_ConverterApp.swift */ = {isa = PBXFileReference; lastKnownFileType = sourcecode.swift; path = Impedance_ConverterApp.swift; sourceTree = "<group>"; };
		ED24868A2B3727AE008820C5 /* ContentView.swift */ = {isa = PBXFileReference; lastKnownFileType = sourcecode.swift; path = ContentView.swift; sourceTree = "<group>"; };
		ED24868C2B3727B0008820C5 /* Assets.xcassets */ = {isa = PBXFileReference; lastKnownFileType = folder.assetcatalog; path = Assets.xcassets; sourceTree = "<group>"; };
		ED24868F2B3727B0008820C5 /* Preview Assets.xcassets */ = {isa = PBXFileReference; lastKnownFileType = folder.assetcatalog; path = "Preview Assets.xcassets"; sourceTree = "<group>"; };
		ED2486962B39CBD1008820C5 /* Impedance-Converter-Info.plist */ = {isa = PBXFileReference; lastKnownFileType = text.plist; path = "Impedance-Converter-Info.plist"; sourceTree = SOURCE_ROOT; };
		ED737AA92B3F4B8100926575 /* Math.swift */ = {isa = PBXFileReference; lastKnownFileType = sourcecode.swift; path = Math.swift; sourceTree = "<group>"; };
		ED737AAB2B3F4C6100926575 /* Colors.swift */ = {isa = PBXFileReference; lastKnownFileType = sourcecode.swift; path = Colors.swift; sourceTree = "<group>"; };
		ED737AAD2B3F562A00926575 /* ViewModel.swift */ = {isa = PBXFileReference; lastKnownFileType = sourcecode.swift; path = ViewModel.swift; sourceTree = "<group>"; };
		ED737AAF2B3F568200926575 /* SmithChartView.swift */ = {isa = PBXFileReference; lastKnownFileType = sourcecode.swift; path = SmithChartView.swift; sourceTree = "<group>"; };
		ED737AB12B3F570900926575 /* Units.swift */ = {isa = PBXFileReference; lastKnownFileType = sourcecode.swift; path = Units.swift; sourceTree = "<group>"; };
		ED737AB32B3F578400926575 /* UnitInputView.swift */ = {isa = PBXFileReference; lastKnownFileType = sourcecode.swift; path = UnitInputView.swift; sourceTree = "<group>"; };
		ED737AB52B3F57F400926575 /* CircuitView.swift */ = {isa = PBXFileReference; lastKnownFileType = sourcecode.swift; path = CircuitView.swift; sourceTree = "<group>"; };
		ED737AB72B3F589600926575 /* ParametersView.swift */ = {isa = PBXFileReference; lastKnownFileType = sourcecode.swift; path = ParametersView.swift; sourceTree = "<group>"; };
		EDA1DB392B4B25230072F83C /* Impedance ConverterTests.xctest */ = {isa = PBXFileReference; explicitFileType = wrapper.cfbundle; includeInIndex = 0; path = "Impedance ConverterTests.xctest"; sourceTree = BUILT_PRODUCTS_DIR; };
		EDA1DB422B4B34C20072F83C /* MathTests.swift */ = {isa = PBXFileReference; lastKnownFileType = sourcecode.swift; path = MathTests.swift; sourceTree = "<group>"; };
		EDA1DB442B4B442E0072F83C /* ViewModelTests.swift */ = {isa = PBXFileReference; lastKnownFileType = sourcecode.swift; path = ViewModelTests.swift; sourceTree = "<group>"; };
		EDB2C5942B42FDDE009362F2 /* CharacterizationView.swift */ = {isa = PBXFileReference; lastKnownFileType = sourcecode.swift; path = CharacterizationView.swift; sourceTree = "<group>"; };
		EDB2C5982B4376A6009362F2 /* Haptics.swift */ = {isa = PBXFileReference; lastKnownFileType = sourcecode.swift; path = Haptics.swift; sourceTree = "<group>"; };
		EDBBC7602B48ACC1004B844C /* ShakeDetectorView.swift */ = {isa = PBXFileReference; lastKnownFileType = sourcecode.swift; path = ShakeDetectorView.swift; sourceTree = "<group>"; };
		EDBBC7622B48FE76004B844C /* ImmittanceView.swift */ = {isa = PBXFileReference; lastKnownFileType = sourcecode.swift; path = ImmittanceView.swift; sourceTree = "<group>"; };
		EDBBC7642B4A24B3004B844C /* Settings.bundle */ = {isa = PBXFileReference; lastKnownFileType = "wrapper.plug-in"; path = Settings.bundle; sourceTree = "<group>"; };
		EDD36F172B443CB00032B9BC /* LengthView.swift */ = {isa = PBXFileReference; lastKnownFileType = sourcecode.swift; path = LengthView.swift; sourceTree = "<group>"; };
/* End PBXFileReference section */

/* Begin PBXFrameworksBuildPhase section */
		ED2486822B3727AE008820C5 /* Frameworks */ = {
			isa = PBXFrameworksBuildPhase;
			buildActionMask = 2147483647;
			files = (
			);
			runOnlyForDeploymentPostprocessing = 0;
		};
		EDA1DB362B4B25230072F83C /* Frameworks */ = {
			isa = PBXFrameworksBuildPhase;
			buildActionMask = 2147483647;
			files = (
			);
			runOnlyForDeploymentPostprocessing = 0;
		};
/* End PBXFrameworksBuildPhase section */

/* Begin PBXGroup section */
		ED24867C2B3727AE008820C5 = {
			isa = PBXGroup;
			children = (
				ED2486872B3727AE008820C5 /* Impedance Converter */,
				EDA1DB3A2B4B25230072F83C /* Impedance ConverterTests */,
				ED2486862B3727AE008820C5 /* Products */,
			);
			sourceTree = "<group>";
		};
		ED2486862B3727AE008820C5 /* Products */ = {
			isa = PBXGroup;
			children = (
				ED2486852B3727AE008820C5 /* Impedance Converter.app */,
				EDA1DB392B4B25230072F83C /* Impedance ConverterTests.xctest */,
			);
			name = Products;
			sourceTree = "<group>";
		};
		ED2486872B3727AE008820C5 /* Impedance Converter */ = {
			isa = PBXGroup;
			children = (
				ED246DDE2B39D48A008ECD6D /* Segment7Standard.otf */,
				ED2486962B39CBD1008820C5 /* Impedance-Converter-Info.plist */,
				ED2486882B3727AE008820C5 /* Impedance_ConverterApp.swift */,
				ED737AAD2B3F562A00926575 /* ViewModel.swift */,
				ED24868A2B3727AE008820C5 /* ContentView.swift */,
				ED737AB32B3F578400926575 /* UnitInputView.swift */,
				EDBBC7622B48FE76004B844C /* ImmittanceView.swift */,
				ED737AB52B3F57F400926575 /* CircuitView.swift */,
				ED737AB72B3F589600926575 /* ParametersView.swift */,
				ED737AAF2B3F568200926575 /* SmithChartView.swift */,
				EDB2C5942B42FDDE009362F2 /* CharacterizationView.swift */,
				EDD36F172B443CB00032B9BC /* LengthView.swift */,
				ED737AAB2B3F4C6100926575 /* Colors.swift */,
				ED737AA92B3F4B8100926575 /* Math.swift */,
				EDB2C5982B4376A6009362F2 /* Haptics.swift */,
				ED737AB12B3F570900926575 /* Units.swift */,
				ED16E7702B44C8FC00F1A9BC /* SmoothAnimation.swift */,
				EDBBC7602B48ACC1004B844C /* ShakeDetectorView.swift */,
				ED24868C2B3727B0008820C5 /* Assets.xcassets */,
				EDBBC7642B4A24B3004B844C /* Settings.bundle */,
				ED24868E2B3727B0008820C5 /* Preview Content */,
			);
			path = "Impedance Converter";
			sourceTree = "<group>";
		};
		ED24868E2B3727B0008820C5 /* Preview Content */ = {
			isa = PBXGroup;
			children = (
				ED24868F2B3727B0008820C5 /* Preview Assets.xcassets */,
			);
			path = "Preview Content";
			sourceTree = "<group>";
		};
		EDA1DB3A2B4B25230072F83C /* Impedance ConverterTests */ = {
			isa = PBXGroup;
			children = (
				EDA1DB422B4B34C20072F83C /* MathTests.swift */,
				EDA1DB442B4B442E0072F83C /* ViewModelTests.swift */,
			);
			path = "Impedance ConverterTests";
			sourceTree = "<group>";
		};
/* End PBXGroup section */

/* Begin PBXNativeTarget section */
		ED2486842B3727AE008820C5 /* Impedance Converter */ = {
			isa = PBXNativeTarget;
			buildConfigurationList = ED2486932B3727B0008820C5 /* Build configuration list for PBXNativeTarget "Impedance Converter" */;
			buildPhases = (
				ED2486812B3727AE008820C5 /* Sources */,
				ED2486822B3727AE008820C5 /* Frameworks */,
				ED2486832B3727AE008820C5 /* Resources */,
			);
			buildRules = (
			);
			dependencies = (
			);
			name = "Impedance Converter";
			productName = "Impedance Converter";
			productReference = ED2486852B3727AE008820C5 /* Impedance Converter.app */;
			productType = "com.apple.product-type.application";
		};
		EDA1DB382B4B25230072F83C /* Impedance ConverterTests */ = {
			isa = PBXNativeTarget;
			buildConfigurationList = EDA1DB412B4B25230072F83C /* Build configuration list for PBXNativeTarget "Impedance ConverterTests" */;
			buildPhases = (
				EDA1DB352B4B25230072F83C /* Sources */,
				EDA1DB362B4B25230072F83C /* Frameworks */,
				EDA1DB372B4B25230072F83C /* Resources */,
			);
			buildRules = (
			);
			dependencies = (
				EDA1DB3E2B4B25230072F83C /* PBXTargetDependency */,
			);
			name = "Impedance ConverterTests";
			productName = "Impedance ConverterTests";
			productReference = EDA1DB392B4B25230072F83C /* Impedance ConverterTests.xctest */;
			productType = "com.apple.product-type.bundle.unit-test";
		};
/* End PBXNativeTarget section */

/* Begin PBXProject section */
		ED24867D2B3727AE008820C5 /* Project object */ = {
			isa = PBXProject;
			attributes = {
				BuildIndependentTargetsInParallel = 1;
				LastSwiftUpdateCheck = 1420;
				LastUpgradeCheck = 1420;
				TargetAttributes = {
					ED2486842B3727AE008820C5 = {
						CreatedOnToolsVersion = 14.2;
					};
					EDA1DB382B4B25230072F83C = {
						CreatedOnToolsVersion = 14.2;
						TestTargetID = ED2486842B3727AE008820C5;
					};
				};
			};
			buildConfigurationList = ED2486802B3727AE008820C5 /* Build configuration list for PBXProject "Impedance Converter" */;
			compatibilityVersion = "Xcode 14.0";
			developmentRegion = en;
			hasScannedForEncodings = 0;
			knownRegions = (
				en,
				Base,
			);
			mainGroup = ED24867C2B3727AE008820C5;
			productRefGroup = ED2486862B3727AE008820C5 /* Products */;
			projectDirPath = "";
			projectRoot = "";
			targets = (
				ED2486842B3727AE008820C5 /* Impedance Converter */,
				EDA1DB382B4B25230072F83C /* Impedance ConverterTests */,
			);
		};
/* End PBXProject section */

/* Begin PBXResourcesBuildPhase section */
		ED2486832B3727AE008820C5 /* Resources */ = {
			isa = PBXResourcesBuildPhase;
			buildActionMask = 2147483647;
			files = (
				EDBBC7652B4A24B4004B844C /* Settings.bundle in Resources */,
				ED2486902B3727B0008820C5 /* Preview Assets.xcassets in Resources */,
				ED246DDF2B39D49A008ECD6D /* Segment7Standard.otf in Resources */,
				ED24868D2B3727B0008820C5 /* Assets.xcassets in Resources */,
			);
			runOnlyForDeploymentPostprocessing = 0;
		};
		EDA1DB372B4B25230072F83C /* Resources */ = {
			isa = PBXResourcesBuildPhase;
			buildActionMask = 2147483647;
			files = (
			);
			runOnlyForDeploymentPostprocessing = 0;
		};
/* End PBXResourcesBuildPhase section */

/* Begin PBXSourcesBuildPhase section */
		ED2486812B3727AE008820C5 /* Sources */ = {
			isa = PBXSourcesBuildPhase;
			buildActionMask = 2147483647;
			files = (
				EDB2C5992B4376A6009362F2 /* Haptics.swift in Sources */,
				ED737AAE2B3F562A00926575 /* ViewModel.swift in Sources */,
				EDBBC7632B48FE76004B844C /* ImmittanceView.swift in Sources */,
				ED737AB42B3F578400926575 /* UnitInputView.swift in Sources */,
				EDBBC7612B48ACC1004B844C /* ShakeDetectorView.swift in Sources */,
				ED24868B2B3727AE008820C5 /* ContentView.swift in Sources */,
				EDD36F182B443CB00032B9BC /* LengthView.swift in Sources */,
				ED737AAC2B3F4C6100926575 /* Colors.swift in Sources */,
				ED737AB22B3F570900926575 /* Units.swift in Sources */,
				ED737AB02B3F568200926575 /* SmithChartView.swift in Sources */,
				ED737AB62B3F57F400926575 /* CircuitView.swift in Sources */,
				ED2486892B3727AE008820C5 /* Impedance_ConverterApp.swift in Sources */,
				ED737AB82B3F589600926575 /* ParametersView.swift in Sources */,
				ED737AAA2B3F4B8100926575 /* Math.swift in Sources */,
				ED16E7712B44C8FC00F1A9BC /* SmoothAnimation.swift in Sources */,
				EDB2C5952B42FDDE009362F2 /* CharacterizationView.swift in Sources */,
			);
			runOnlyForDeploymentPostprocessing = 0;
		};
		EDA1DB352B4B25230072F83C /* Sources */ = {
			isa = PBXSourcesBuildPhase;
			buildActionMask = 2147483647;
			files = (
				EDA1DB432B4B34C20072F83C /* MathTests.swift in Sources */,
				EDA1DB452B4B442E0072F83C /* ViewModelTests.swift in Sources */,
			);
			runOnlyForDeploymentPostprocessing = 0;
		};
/* End PBXSourcesBuildPhase section */

/* Begin PBXTargetDependency section */
		EDA1DB3E2B4B25230072F83C /* PBXTargetDependency */ = {
			isa = PBXTargetDependency;
			target = ED2486842B3727AE008820C5 /* Impedance Converter */;
			targetProxy = EDA1DB3D2B4B25230072F83C /* PBXContainerItemProxy */;
		};
/* End PBXTargetDependency section */

/* Begin XCBuildConfiguration section */
		ED2486912B3727B0008820C5 /* Debug */ = {
			isa = XCBuildConfiguration;
			buildSettings = {
				ALWAYS_SEARCH_USER_PATHS = NO;
				CLANG_ANALYZER_NONNULL = YES;
				CLANG_ANALYZER_NUMBER_OBJECT_CONVERSION = YES_AGGRESSIVE;
				CLANG_CXX_LANGUAGE_STANDARD = "gnu++20";
				CLANG_ENABLE_MODULES = YES;
				CLANG_ENABLE_OBJC_ARC = YES;
				CLANG_ENABLE_OBJC_WEAK = YES;
				CLANG_WARN_BLOCK_CAPTURE_AUTORELEASING = YES;
				CLANG_WARN_BOOL_CONVERSION = YES;
				CLANG_WARN_COMMA = YES;
				CLANG_WARN_CONSTANT_CONVERSION = YES;
				CLANG_WARN_DEPRECATED_OBJC_IMPLEMENTATIONS = YES;
				CLANG_WARN_DIRECT_OBJC_ISA_USAGE = YES_ERROR;
				CLANG_WARN_DOCUMENTATION_COMMENTS = YES;
				CLANG_WARN_EMPTY_BODY = YES;
				CLANG_WARN_ENUM_CONVERSION = YES;
				CLANG_WARN_INFINITE_RECURSION = YES;
				CLANG_WARN_INT_CONVERSION = YES;
				CLANG_WARN_NON_LITERAL_NULL_CONVERSION = YES;
				CLANG_WARN_OBJC_IMPLICIT_RETAIN_SELF = YES;
				CLANG_WARN_OBJC_LITERAL_CONVERSION = YES;
				CLANG_WARN_OBJC_ROOT_CLASS = YES_ERROR;
				CLANG_WARN_QUOTED_INCLUDE_IN_FRAMEWORK_HEADER = YES;
				CLANG_WARN_RANGE_LOOP_ANALYSIS = YES;
				CLANG_WARN_STRICT_PROTOTYPES = YES;
				CLANG_WARN_SUSPICIOUS_MOVE = YES;
				CLANG_WARN_UNGUARDED_AVAILABILITY = YES_AGGRESSIVE;
				CLANG_WARN_UNREACHABLE_CODE = YES;
				CLANG_WARN__DUPLICATE_METHOD_MATCH = YES;
				COPY_PHASE_STRIP = NO;
				DEBUG_INFORMATION_FORMAT = dwarf;
				ENABLE_STRICT_OBJC_MSGSEND = YES;
				ENABLE_TESTABILITY = YES;
				GCC_C_LANGUAGE_STANDARD = gnu11;
				GCC_DYNAMIC_NO_PIC = NO;
				GCC_NO_COMMON_BLOCKS = YES;
				GCC_OPTIMIZATION_LEVEL = 0;
				GCC_PREPROCESSOR_DEFINITIONS = (
					"DEBUG=1",
					"$(inherited)",
				);
				GCC_WARN_64_TO_32_BIT_CONVERSION = YES;
				GCC_WARN_ABOUT_RETURN_TYPE = YES_ERROR;
				GCC_WARN_UNDECLARED_SELECTOR = YES;
				GCC_WARN_UNINITIALIZED_AUTOS = YES_AGGRESSIVE;
				GCC_WARN_UNUSED_FUNCTION = YES;
				GCC_WARN_UNUSED_VARIABLE = YES;
				IPHONEOS_DEPLOYMENT_TARGET = 16.2;
				MTL_ENABLE_DEBUG_INFO = INCLUDE_SOURCE;
				MTL_FAST_MATH = YES;
				ONLY_ACTIVE_ARCH = YES;
				SDKROOT = iphoneos;
				SWIFT_ACTIVE_COMPILATION_CONDITIONS = DEBUG;
				SWIFT_OPTIMIZATION_LEVEL = "-Onone";
			};
			name = Debug;
		};
		ED2486922B3727B0008820C5 /* Release */ = {
			isa = XCBuildConfiguration;
			buildSettings = {
				ALWAYS_SEARCH_USER_PATHS = NO;
				CLANG_ANALYZER_NONNULL = YES;
				CLANG_ANALYZER_NUMBER_OBJECT_CONVERSION = YES_AGGRESSIVE;
				CLANG_CXX_LANGUAGE_STANDARD = "gnu++20";
				CLANG_ENABLE_MODULES = YES;
				CLANG_ENABLE_OBJC_ARC = YES;
				CLANG_ENABLE_OBJC_WEAK = YES;
				CLANG_WARN_BLOCK_CAPTURE_AUTORELEASING = YES;
				CLANG_WARN_BOOL_CONVERSION = YES;
				CLANG_WARN_COMMA = YES;
				CLANG_WARN_CONSTANT_CONVERSION = YES;
				CLANG_WARN_DEPRECATED_OBJC_IMPLEMENTATIONS = YES;
				CLANG_WARN_DIRECT_OBJC_ISA_USAGE = YES_ERROR;
				CLANG_WARN_DOCUMENTATION_COMMENTS = YES;
				CLANG_WARN_EMPTY_BODY = YES;
				CLANG_WARN_ENUM_CONVERSION = YES;
				CLANG_WARN_INFINITE_RECURSION = YES;
				CLANG_WARN_INT_CONVERSION = YES;
				CLANG_WARN_NON_LITERAL_NULL_CONVERSION = YES;
				CLANG_WARN_OBJC_IMPLICIT_RETAIN_SELF = YES;
				CLANG_WARN_OBJC_LITERAL_CONVERSION = YES;
				CLANG_WARN_OBJC_ROOT_CLASS = YES_ERROR;
				CLANG_WARN_QUOTED_INCLUDE_IN_FRAMEWORK_HEADER = YES;
				CLANG_WARN_RANGE_LOOP_ANALYSIS = YES;
				CLANG_WARN_STRICT_PROTOTYPES = YES;
				CLANG_WARN_SUSPICIOUS_MOVE = YES;
				CLANG_WARN_UNGUARDED_AVAILABILITY = YES_AGGRESSIVE;
				CLANG_WARN_UNREACHABLE_CODE = YES;
				CLANG_WARN__DUPLICATE_METHOD_MATCH = YES;
				COPY_PHASE_STRIP = NO;
				DEBUG_INFORMATION_FORMAT = "dwarf-with-dsym";
				ENABLE_NS_ASSERTIONS = NO;
				ENABLE_STRICT_OBJC_MSGSEND = YES;
				GCC_C_LANGUAGE_STANDARD = gnu11;
				GCC_NO_COMMON_BLOCKS = YES;
				GCC_WARN_64_TO_32_BIT_CONVERSION = YES;
				GCC_WARN_ABOUT_RETURN_TYPE = YES_ERROR;
				GCC_WARN_UNDECLARED_SELECTOR = YES;
				GCC_WARN_UNINITIALIZED_AUTOS = YES_AGGRESSIVE;
				GCC_WARN_UNUSED_FUNCTION = YES;
				GCC_WARN_UNUSED_VARIABLE = YES;
				IPHONEOS_DEPLOYMENT_TARGET = 16.2;
				MTL_ENABLE_DEBUG_INFO = NO;
				MTL_FAST_MATH = YES;
				SDKROOT = iphoneos;
				SWIFT_COMPILATION_MODE = wholemodule;
				SWIFT_OPTIMIZATION_LEVEL = "-O";
				VALIDATE_PRODUCT = YES;
			};
			name = Release;
		};
		ED2486942B3727B0008820C5 /* Debug */ = {
			isa = XCBuildConfiguration;
			buildSettings = {
				ASSETCATALOG_COMPILER_APPICON_NAME = AppIcon;
				ASSETCATALOG_COMPILER_GLOBAL_ACCENT_COLOR_NAME = AccentColor;
				CODE_SIGN_STYLE = Automatic;
				CURRENT_PROJECT_VERSION = 1;
				DEVELOPMENT_ASSET_PATHS = "\"Impedance Converter/Preview Content\"";
				DEVELOPMENT_TEAM = FMH366978P;
				ENABLE_PREVIEWS = YES;
				GENERATE_INFOPLIST_FILE = YES;
				INFOPLIST_FILE = "Impedance-Converter-Info.plist";
				INFOPLIST_KEY_CFBundleDisplayName = Impedance;
				INFOPLIST_KEY_UIApplicationSceneManifest_Generation = YES;
				INFOPLIST_KEY_UIApplicationSupportsIndirectInputEvents = YES;
				INFOPLIST_KEY_UILaunchScreen_Generation = YES;
				INFOPLIST_KEY_UISupportedInterfaceOrientations = UIInterfaceOrientationPortrait;
				INFOPLIST_KEY_UISupportedInterfaceOrientations_iPad = "UIInterfaceOrientationLandscapeLeft UIInterfaceOrientationLandscapeRight UIInterfaceOrientationPortrait UIInterfaceOrientationPortraitUpsideDown";
				LD_RUNPATH_SEARCH_PATHS = (
					"$(inherited)",
					"@executable_path/Frameworks",
				);
				MARKETING_VERSION = 1.1;
				PRODUCT_BUNDLE_IDENTIFIER = "com.fikesfarm.Impedance-Converter";
				PRODUCT_NAME = "$(TARGET_NAME)";
				SWIFT_EMIT_LOC_STRINGS = YES;
				SWIFT_VERSION = 5.0;
				TARGETED_DEVICE_FAMILY = "1,2";
			};
			name = Debug;
		};
		ED2486952B3727B0008820C5 /* Release */ = {
			isa = XCBuildConfiguration;
			buildSettings = {
				ASSETCATALOG_COMPILER_APPICON_NAME = AppIcon;
				ASSETCATALOG_COMPILER_GLOBAL_ACCENT_COLOR_NAME = AccentColor;
				CODE_SIGN_STYLE = Automatic;
				CURRENT_PROJECT_VERSION = 1;
				DEVELOPMENT_ASSET_PATHS = "\"Impedance Converter/Preview Content\"";
				DEVELOPMENT_TEAM = FMH366978P;
				ENABLE_PREVIEWS = YES;
				GENERATE_INFOPLIST_FILE = YES;
				INFOPLIST_FILE = "Impedance-Converter-Info.plist";
				INFOPLIST_KEY_CFBundleDisplayName = Impedance;
				INFOPLIST_KEY_UIApplicationSceneManifest_Generation = YES;
				INFOPLIST_KEY_UIApplicationSupportsIndirectInputEvents = YES;
				INFOPLIST_KEY_UILaunchScreen_Generation = YES;
				INFOPLIST_KEY_UISupportedInterfaceOrientations = UIInterfaceOrientationPortrait;
				INFOPLIST_KEY_UISupportedInterfaceOrientations_iPad = "UIInterfaceOrientationLandscapeLeft UIInterfaceOrientationLandscapeRight UIInterfaceOrientationPortrait UIInterfaceOrientationPortraitUpsideDown";
				LD_RUNPATH_SEARCH_PATHS = (
					"$(inherited)",
					"@executable_path/Frameworks",
				);
				MARKETING_VERSION = 1.1;
				PRODUCT_BUNDLE_IDENTIFIER = "com.fikesfarm.Impedance-Converter";
				PRODUCT_NAME = "$(TARGET_NAME)";
				SWIFT_EMIT_LOC_STRINGS = YES;
				SWIFT_VERSION = 5.0;
				TARGETED_DEVICE_FAMILY = "1,2";
			};
			name = Release;
		};
		EDA1DB3F2B4B25230072F83C /* Debug */ = {
			isa = XCBuildConfiguration;
			buildSettings = {
				BUNDLE_LOADER = "$(TEST_HOST)";
				CODE_SIGN_STYLE = Automatic;
				CURRENT_PROJECT_VERSION = 1;
				DEVELOPMENT_TEAM = FMH366978P;
				GENERATE_INFOPLIST_FILE = YES;
				MARKETING_VERSION = 1.0;
				PRODUCT_BUNDLE_IDENTIFIER = "com.fikesfarm.Impedance-ConverterTests";
				PRODUCT_NAME = "$(TARGET_NAME)";
				SWIFT_EMIT_LOC_STRINGS = NO;
				SWIFT_VERSION = 5.0;
				TARGETED_DEVICE_FAMILY = "1,2";
				TEST_HOST = "$(BUILT_PRODUCTS_DIR)/Impedance Converter.app/$(BUNDLE_EXECUTABLE_FOLDER_PATH)/Impedance Converter";
			};
			name = Debug;
		};
		EDA1DB402B4B25230072F83C /* Release */ = {
			isa = XCBuildConfiguration;
			buildSettings = {
				BUNDLE_LOADER = "$(TEST_HOST)";
				CODE_SIGN_STYLE = Automatic;
				CURRENT_PROJECT_VERSION = 1;
				DEVELOPMENT_TEAM = FMH366978P;
				GENERATE_INFOPLIST_FILE = YES;
				MARKETING_VERSION = 1.0;
				PRODUCT_BUNDLE_IDENTIFIER = "com.fikesfarm.Impedance-ConverterTests";
				PRODUCT_NAME = "$(TARGET_NAME)";
				SWIFT_EMIT_LOC_STRINGS = NO;
				SWIFT_VERSION = 5.0;
				TARGETED_DEVICE_FAMILY = "1,2";
				TEST_HOST = "$(BUILT_PRODUCTS_DIR)/Impedance Converter.app/$(BUNDLE_EXECUTABLE_FOLDER_PATH)/Impedance Converter";
			};
			name = Release;
		};
/* End XCBuildConfiguration section */

/* Begin XCConfigurationList section */
		ED2486802B3727AE008820C5 /* Build configuration list for PBXProject "Impedance Converter" */ = {
			isa = XCConfigurationList;
			buildConfigurations = (
				ED2486912B3727B0008820C5 /* Debug */,
				ED2486922B3727B0008820C5 /* Release */,
			);
			defaultConfigurationIsVisible = 0;
			defaultConfigurationName = Release;
		};
		ED2486932B3727B0008820C5 /* Build configuration list for PBXNativeTarget "Impedance Converter" */ = {
			isa = XCConfigurationList;
			buildConfigurations = (
				ED2486942B3727B0008820C5 /* Debug */,
				ED2486952B3727B0008820C5 /* Release */,
			);
			defaultConfigurationIsVisible = 0;
			defaultConfigurationName = Release;
		};
		EDA1DB412B4B25230072F83C /* Build configuration list for PBXNativeTarget "Impedance ConverterTests" */ = {
			isa = XCConfigurationList;
			buildConfigurations = (
				EDA1DB3F2B4B25230072F83C /* Debug */,
				EDA1DB402B4B25230072F83C /* Release */,
			);
			defaultConfigurationIsVisible = 0;
			defaultConfigurationName = Release;
		};
/* End XCConfigurationList section */
	};
	rootObject = ED24867D2B3727AE008820C5 /* Project object */;
}
